// !$*UTF8*$!
{
	archiveVersion = 1;
	classes = {
	};
	objectVersion = 77;
	objects = {

/* Begin PBXContainerItemProxy section */
		4B07527F2E8F9ED700C43CC2 /* PBXContainerItemProxy */ = {
			isa = PBXContainerItemProxy;
			containerPortal = 4B0752692E8F9ED400C43CC2 /* Project object */;
			proxyType = 1;
			remoteGlobalIDString = 4B0752702E8F9ED400C43CC2;
			remoteInfo = VoiceJournal;
		};
		4B0752892E8F9ED700C43CC2 /* PBXContainerItemProxy */ = {
			isa = PBXContainerItemProxy;
			containerPortal = 4B0752692E8F9ED400C43CC2 /* Project object */;
			proxyType = 1;
			remoteGlobalIDString = 4B0752702E8F9ED400C43CC2;
			remoteInfo = VoiceJournal;
		};
/* End PBXContainerItemProxy section */

/* Begin PBXFileReference section */
		4B0752712E8F9ED400C43CC2 /* VoiceJournal.app */ = {isa = PBXFileReference; explicitFileType = wrapper.application; includeInIndex = 0; path = VoiceJournal.app; sourceTree = BUILT_PRODUCTS_DIR; };
		4B07527E2E8F9ED700C43CC2 /* VoiceJournalTests.xctest */ = {isa = PBXFileReference; explicitFileType = wrapper.cfbundle; includeInIndex = 0; path = VoiceJournalTests.xctest; sourceTree = BUILT_PRODUCTS_DIR; };
		4B0752882E8F9ED700C43CC2 /* VoiceJournalUITests.xctest */ = {isa = PBXFileReference; explicitFileType = wrapper.cfbundle; includeInIndex = 0; path = VoiceJournalUITests.xctest; sourceTree = BUILT_PRODUCTS_DIR; };
/* End PBXFileReference section */

/* Begin PBXFileSystemSynchronizedRootGroup section */
		4B0752732E8F9ED400C43CC2 /* VoiceJournal */ = {
			isa = PBXFileSystemSynchronizedRootGroup;
			path = VoiceJournal;
			sourceTree = "<group>";
		};
		4B0752812E8F9ED700C43CC2 /* VoiceJournalTests */ = {
			isa = PBXFileSystemSynchronizedRootGroup;
			path = VoiceJournalTests;
			sourceTree = "<group>";
		};
		4B07528B2E8F9ED700C43CC2 /* VoiceJournalUITests */ = {
			isa = PBXFileSystemSynchronizedRootGroup;
			path = VoiceJournalUITests;
			sourceTree = "<group>";
		};
/* End PBXFileSystemSynchronizedRootGroup section */

/* Begin PBXFrameworksBuildPhase section */
		4B07526E2E8F9ED400C43CC2 /* Frameworks */ = {
			isa = PBXFrameworksBuildPhase;
			buildActionMask = 2147483647;
			files = (
			);
			runOnlyForDeploymentPostprocessing = 0;
		};
		4B07527B2E8F9ED700C43CC2 /* Frameworks */ = {
			isa = PBXFrameworksBuildPhase;
			buildActionMask = 2147483647;
			files = (
			);
			runOnlyForDeploymentPostprocessing = 0;
		};
		4B0752852E8F9ED700C43CC2 /* Frameworks */ = {
			isa = PBXFrameworksBuildPhase;
			buildActionMask = 2147483647;
			files = (
			);
			runOnlyForDeploymentPostprocessing = 0;
		};
/* End PBXFrameworksBuildPhase section */

/* Begin PBXGroup section */
		4B0752682E8F9ED400C43CC2 = {
			isa = PBXGroup;
			children = (
				4B0752732E8F9ED400C43CC2 /* VoiceJournal */,
				4B0752812E8F9ED700C43CC2 /* VoiceJournalTests */,
				4B07528B2E8F9ED700C43CC2 /* VoiceJournalUITests */,
				4B0752722E8F9ED400C43CC2 /* Products */,
			);
			sourceTree = "<group>";
		};
		4B0752722E8F9ED400C43CC2 /* Products */ = {
			isa = PBXGroup;
			children = (
				4B0752712E8F9ED400C43CC2 /* VoiceJournal.app */,
				4B07527E2E8F9ED700C43CC2 /* VoiceJournalTests.xctest */,
				4B0752882E8F9ED700C43CC2 /* VoiceJournalUITests.xctest */,
			);
			name = Products;
			sourceTree = "<group>";
		};
/* End PBXGroup section */

/* Begin PBXNativeTarget section */
		4B0752702E8F9ED400C43CC2 /* VoiceJournal */ = {
			isa = PBXNativeTarget;
			buildConfigurationList = 4B0752922E8F9ED700C43CC2 /* Build configuration list for PBXNativeTarget "VoiceJournal" */;
			buildPhases = (
				4B07526D2E8F9ED400C43CC2 /* Sources */,
				4B07526E2E8F9ED400C43CC2 /* Frameworks */,
				4B07526F2E8F9ED400C43CC2 /* Resources */,
			);
			buildRules = (
			);
			dependencies = (
			);
			fileSystemSynchronizedGroups = (
				4B0752732E8F9ED400C43CC2 /* VoiceJournal */,
			);
			name = VoiceJournal;
			packageProductDependencies = (
			);
			productName = VoiceJournal;
			productReference = 4B0752712E8F9ED400C43CC2 /* VoiceJournal.app */;
			productType = "com.apple.product-type.application";
		};
		4B07527D2E8F9ED700C43CC2 /* VoiceJournalTests */ = {
			isa = PBXNativeTarget;
			buildConfigurationList = 4B0752952E8F9ED700C43CC2 /* Build configuration list for PBXNativeTarget "VoiceJournalTests" */;
			buildPhases = (
				4B07527A2E8F9ED700C43CC2 /* Sources */,
				4B07527B2E8F9ED700C43CC2 /* Frameworks */,
				4B07527C2E8F9ED700C43CC2 /* Resources */,
			);
			buildRules = (
			);
			dependencies = (
				4B0752802E8F9ED700C43CC2 /* PBXTargetDependency */,
			);
			fileSystemSynchronizedGroups = (
				4B0752812E8F9ED700C43CC2 /* VoiceJournalTests */,
			);
			name = VoiceJournalTests;
			packageProductDependencies = (
			);
			productName = VoiceJournalTests;
			productReference = 4B07527E2E8F9ED700C43CC2 /* VoiceJournalTests.xctest */;
			productType = "com.apple.product-type.bundle.unit-test";
		};
		4B0752872E8F9ED700C43CC2 /* VoiceJournalUITests */ = {
			isa = PBXNativeTarget;
			buildConfigurationList = 4B0752982E8F9ED700C43CC2 /* Build configuration list for PBXNativeTarget "VoiceJournalUITests" */;
			buildPhases = (
				4B0752842E8F9ED700C43CC2 /* Sources */,
				4B0752852E8F9ED700C43CC2 /* Frameworks */,
				4B0752862E8F9ED700C43CC2 /* Resources */,
			);
			buildRules = (
			);
			dependencies = (
				4B07528A2E8F9ED700C43CC2 /* PBXTargetDependency */,
			);
			fileSystemSynchronizedGroups = (
				4B07528B2E8F9ED700C43CC2 /* VoiceJournalUITests */,
			);
			name = VoiceJournalUITests;
			packageProductDependencies = (
			);
			productName = VoiceJournalUITests;
			productReference = 4B0752882E8F9ED700C43CC2 /* VoiceJournalUITests.xctest */;
			productType = "com.apple.product-type.bundle.ui-testing";
		};
/* End PBXNativeTarget section */

/* Begin PBXProject section */
		4B0752692E8F9ED400C43CC2 /* Project object */ = {
			isa = PBXProject;
			attributes = {
				BuildIndependentTargetsInParallel = 1;
				LastSwiftUpdateCheck = 1640;
				LastUpgradeCheck = 1640;
				TargetAttributes = {
					4B0752702E8F9ED400C43CC2 = {
						CreatedOnToolsVersion = 16.4;
					};
					4B07527D2E8F9ED700C43CC2 = {
						CreatedOnToolsVersion = 16.4;
						TestTargetID = 4B0752702E8F9ED400C43CC2;
					};
					4B0752872E8F9ED700C43CC2 = {
						CreatedOnToolsVersion = 16.4;
						TestTargetID = 4B0752702E8F9ED400C43CC2;
					};
				};
			};
			buildConfigurationList = 4B07526C2E8F9ED400C43CC2 /* Build configuration list for PBXProject "VoiceJournal" */;
			developmentRegion = en;
			hasScannedForEncodings = 0;
			knownRegions = (
				en,
				Base,
			);
			mainGroup = 4B0752682E8F9ED400C43CC2;
			minimizedProjectReferenceProxies = 1;
			preferredProjectObjectVersion = 77;
			productRefGroup = 4B0752722E8F9ED400C43CC2 /* Products */;
			projectDirPath = "";
			projectRoot = "";
			targets = (
				4B0752702E8F9ED400C43CC2 /* VoiceJournal */,
				4B07527D2E8F9ED700C43CC2 /* VoiceJournalTests */,
				4B0752872E8F9ED700C43CC2 /* VoiceJournalUITests */,
			);
		};
/* End PBXProject section */

/* Begin PBXResourcesBuildPhase section */
		4B07526F2E8F9ED400C43CC2 /* Resources */ = {
			isa = PBXResourcesBuildPhase;
			buildActionMask = 2147483647;
			files = (
			);
			runOnlyForDeploymentPostprocessing = 0;
		};
		4B07527C2E8F9ED700C43CC2 /* Resources */ = {
			isa = PBXResourcesBuildPhase;
			buildActionMask = 2147483647;
			files = (
			);
			runOnlyForDeploymentPostprocessing = 0;
		};
		4B0752862E8F9ED700C43CC2 /* Resources */ = {
			isa = PBXResourcesBuildPhase;
			buildActionMask = 2147483647;
			files = (
			);
			runOnlyForDeploymentPostprocessing = 0;
		};
/* End PBXResourcesBuildPhase section */

/* Begin PBXSourcesBuildPhase section */
		4B07526D2E8F9ED400C43CC2 /* Sources */ = {
			isa = PBXSourcesBuildPhase;
			buildActionMask = 2147483647;
			files = (
			);
			runOnlyForDeploymentPostprocessing = 0;
		};
		4B07527A2E8F9ED700C43CC2 /* Sources */ = {
			isa = PBXSourcesBuildPhase;
			buildActionMask = 2147483647;
			files = (
			);
			runOnlyForDeploymentPostprocessing = 0;
		};
		4B0752842E8F9ED700C43CC2 /* Sources */ = {
			isa = PBXSourcesBuildPhase;
			buildActionMask = 2147483647;
			files = (
			);
			runOnlyForDeploymentPostprocessing = 0;
		};
/* End PBXSourcesBuildPhase section */

/* Begin PBXTargetDependency section */
		4B0752802E8F9ED700C43CC2 /* PBXTargetDependency */ = {
			isa = PBXTargetDependency;
			target = 4B0752702E8F9ED400C43CC2 /* VoiceJournal */;
			targetProxy = 4B07527F2E8F9ED700C43CC2 /* PBXContainerItemProxy */;
		};
		4B07528A2E8F9ED700C43CC2 /* PBXTargetDependency */ = {
			isa = PBXTargetDependency;
			target = 4B0752702E8F9ED400C43CC2 /* VoiceJournal */;
			targetProxy = 4B0752892E8F9ED700C43CC2 /* PBXContainerItemProxy */;
		};
/* End PBXTargetDependency section */

/* Begin XCBuildConfiguration section */
		4B0752902E8F9ED700C43CC2 /* Debug */ = {
			isa = XCBuildConfiguration;
			buildSettings = {
				ALWAYS_SEARCH_USER_PATHS = NO;
				ASSETCATALOG_COMPILER_GENERATE_SWIFT_ASSET_SYMBOL_EXTENSIONS = YES;
				CLANG_ANALYZER_NONNULL = YES;
				CLANG_ANALYZER_NUMBER_OBJECT_CONVERSION = YES_AGGRESSIVE;
				CLANG_CXX_LANGUAGE_STANDARD = "gnu++20";
				CLANG_ENABLE_MODULES = YES;
				CLANG_ENABLE_OBJC_ARC = YES;
				CLANG_ENABLE_OBJC_WEAK = YES;
				CLANG_WARN_BLOCK_CAPTURE_AUTORELEASING = YES;
				CLANG_WARN_BOOL_CONVERSION = YES;
				CLANG_WARN_COMMA = YES;
				CLANG_WARN_CONSTANT_CONVERSION = YES;
				CLANG_WARN_DEPRECATED_OBJC_IMPLEMENTATIONS = YES;
				CLANG_WARN_DIRECT_OBJC_ISA_USAGE = YES_ERROR;
				CLANG_WARN_DOCUMENTATION_COMMENTS = YES;
				CLANG_WARN_EMPTY_BODY = YES;
				CLANG_WARN_ENUM_CONVERSION = YES;
				CLANG_WARN_INFINITE_RECURSION = YES;
				CLANG_WARN_INT_CONVERSION = YES;
				CLANG_WARN_NON_LITERAL_NULL_CONVERSION = YES;
				CLANG_WARN_OBJC_IMPLICIT_RETAIN_SELF = YES;
				CLANG_WARN_OBJC_LITERAL_CONVERSION = YES;
				CLANG_WARN_OBJC_ROOT_CLASS = YES_ERROR;
				CLANG_WARN_QUOTED_INCLUDE_IN_FRAMEWORK_HEADER = YES;
				CLANG_WARN_RANGE_LOOP_ANALYSIS = YES;
				CLANG_WARN_STRICT_PROTOTYPES = YES;
				CLANG_WARN_SUSPICIOUS_MOVE = YES;
				CLANG_WARN_UNGUARDED_AVAILABILITY = YES_AGGRESSIVE;
				CLANG_WARN_UNREACHABLE_CODE = YES;
				CLANG_WARN__DUPLICATE_METHOD_MATCH = YES;
				COPY_PHASE_STRIP = NO;
				DEBUG_INFORMATION_FORMAT = dwarf;
				DEVELOPMENT_TEAM = C7RX29D33F;
				ENABLE_STRICT_OBJC_MSGSEND = YES;
				ENABLE_TESTABILITY = YES;
				ENABLE_USER_SCRIPT_SANDBOXING = YES;
				GCC_C_LANGUAGE_STANDARD = gnu17;
				GCC_DYNAMIC_NO_PIC = NO;
				GCC_NO_COMMON_BLOCKS = YES;
				GCC_OPTIMIZATION_LEVEL = 0;
				GCC_PREPROCESSOR_DEFINITIONS = (
					"DEBUG=1",
					"$(inherited)",
				);
				GCC_WARN_64_TO_32_BIT_CONVERSION = YES;
				GCC_WARN_ABOUT_RETURN_TYPE = YES_ERROR;
				GCC_WARN_UNDECLARED_SELECTOR = YES;
				GCC_WARN_UNINITIALIZED_AUTOS = YES_AGGRESSIVE;
				GCC_WARN_UNUSED_FUNCTION = YES;
				GCC_WARN_UNUSED_VARIABLE = YES;
				IPHONEOS_DEPLOYMENT_TARGET = 18.5;
				LOCALIZATION_PREFERS_STRING_CATALOGS = YES;
				MTL_ENABLE_DEBUG_INFO = INCLUDE_SOURCE;
				MTL_FAST_MATH = YES;
				ONLY_ACTIVE_ARCH = YES;
				SDKROOT = iphoneos;
				SWIFT_ACTIVE_COMPILATION_CONDITIONS = "DEBUG $(inherited)";
				SWIFT_OPTIMIZATION_LEVEL = "-Onone";
			};
			name = Debug;
		};
		4B0752912E8F9ED700C43CC2 /* Release */ = {
			isa = XCBuildConfiguration;
			buildSettings = {
				ALWAYS_SEARCH_USER_PATHS = NO;
				ASSETCATALOG_COMPILER_GENERATE_SWIFT_ASSET_SYMBOL_EXTENSIONS = YES;
				CLANG_ANALYZER_NONNULL = YES;
				CLANG_ANALYZER_NUMBER_OBJECT_CONVERSION = YES_AGGRESSIVE;
				CLANG_CXX_LANGUAGE_STANDARD = "gnu++20";
				CLANG_ENABLE_MODULES = YES;
				CLANG_ENABLE_OBJC_ARC = YES;
				CLANG_ENABLE_OBJC_WEAK = YES;
				CLANG_WARN_BLOCK_CAPTURE_AUTORELEASING = YES;
				CLANG_WARN_BOOL_CONVERSION = YES;
				CLANG_WARN_COMMA = YES;
				CLANG_WARN_CONSTANT_CONVERSION = YES;
				CLANG_WARN_DEPRECATED_OBJC_IMPLEMENTATIONS = YES;
				CLANG_WARN_DIRECT_OBJC_ISA_USAGE = YES_ERROR;
				CLANG_WARN_DOCUMENTATION_COMMENTS = YES;
				CLANG_WARN_EMPTY_BODY = YES;
				CLANG_WARN_ENUM_CONVERSION = YES;
				CLANG_WARN_INFINITE_RECURSION = YES;
				CLANG_WARN_INT_CONVERSION = YES;
				CLANG_WARN_NON_LITERAL_NULL_CONVERSION = YES;
				CLANG_WARN_OBJC_IMPLICIT_RETAIN_SELF = YES;
				CLANG_WARN_OBJC_LITERAL_CONVERSION = YES;
				CLANG_WARN_OBJC_ROOT_CLASS = YES_ERROR;
				CLANG_WARN_QUOTED_INCLUDE_IN_FRAMEWORK_HEADER = YES;
				CLANG_WARN_RANGE_LOOP_ANALYSIS = YES;
				CLANG_WARN_STRICT_PROTOTYPES = YES;
				CLANG_WARN_SUSPICIOUS_MOVE = YES;
				CLANG_WARN_UNGUARDED_AVAILABILITY = YES_AGGRESSIVE;
				CLANG_WARN_UNREACHABLE_CODE = YES;
				CLANG_WARN__DUPLICATE_METHOD_MATCH = YES;
				COPY_PHASE_STRIP = NO;
				DEBUG_INFORMATION_FORMAT = "dwarf-with-dsym";
				DEVELOPMENT_TEAM = C7RX29D33F;
				ENABLE_NS_ASSERTIONS = NO;
				ENABLE_STRICT_OBJC_MSGSEND = YES;
				ENABLE_USER_SCRIPT_SANDBOXING = YES;
				GCC_C_LANGUAGE_STANDARD = gnu17;
				GCC_NO_COMMON_BLOCKS = YES;
				GCC_WARN_64_TO_32_BIT_CONVERSION = YES;
				GCC_WARN_ABOUT_RETURN_TYPE = YES_ERROR;
				GCC_WARN_UNDECLARED_SELECTOR = YES;
				GCC_WARN_UNINITIALIZED_AUTOS = YES_AGGRESSIVE;
				GCC_WARN_UNUSED_FUNCTION = YES;
				GCC_WARN_UNUSED_VARIABLE = YES;
				IPHONEOS_DEPLOYMENT_TARGET = 18.5;
				LOCALIZATION_PREFERS_STRING_CATALOGS = YES;
				MTL_ENABLE_DEBUG_INFO = NO;
				MTL_FAST_MATH = YES;
				SDKROOT = iphoneos;
				SWIFT_COMPILATION_MODE = wholemodule;
				VALIDATE_PRODUCT = YES;
			};
			name = Release;
		};
		4B0752932E8F9ED700C43CC2 /* Debug */ = {
			isa = XCBuildConfiguration;
			buildSettings = {
				ASSETCATALOG_COMPILER_APPICON_NAME = AppIcon;
				ASSETCATALOG_COMPILER_GLOBAL_ACCENT_COLOR_NAME = AccentColor;
				CODE_SIGN_STYLE = Automatic;
				CURRENT_PROJECT_VERSION = 1;
				DEVELOPMENT_TEAM = C7RX29D33F;
				ENABLE_PREVIEWS = YES;
				GENERATE_INFOPLIST_FILE = YES;
				INFOPLIST_FILE = VoiceJournal/Info.plist;
				INFOPLIST_KEY_NSMicrophoneUsageDescription = "VoiceJournal needs microphone access to record your voice entries.";
				INFOPLIST_KEY_NSSpeechRecognitionUsageDescription = "VoiceJournal uses speech recognition to transcribe your recordings to text.";
				INFOPLIST_KEY_UIApplicationSceneManifest_Generation = YES;
				INFOPLIST_KEY_UIApplicationSupportsIndirectInputEvents = YES;
				INFOPLIST_KEY_UILaunchScreen_Generation = YES;
				INFOPLIST_KEY_UISupportedInterfaceOrientations_iPad = "UIInterfaceOrientationPortrait UIInterfaceOrientationPortraitUpsideDown UIInterfaceOrientationLandscapeLeft UIInterfaceOrientationLandscapeRight";
				INFOPLIST_KEY_UISupportedInterfaceOrientations_iPhone = "UIInterfaceOrientationPortrait UIInterfaceOrientationLandscapeLeft UIInterfaceOrientationLandscapeRight";
				LD_RUNPATH_SEARCH_PATHS = (
					"$(inherited)",
					"@executable_path/Frameworks",
				);
				MARKETING_VERSION = 1.0;
				PRODUCT_BUNDLE_IDENTIFIER = rujin.VoiceJournal;
				PRODUCT_NAME = "$(TARGET_NAME)";
				SWIFT_EMIT_LOC_STRINGS = YES;
				SWIFT_VERSION = 5.0;
				TARGETED_DEVICE_FAMILY = "1,2";
			};
			name = Debug;
		};
		4B0752942E8F9ED700C43CC2 /* Release */ = {
			isa = XCBuildConfiguration;
			buildSettings = {
				ASSETCATALOG_COMPILER_APPICON_NAME = AppIcon;
				ASSETCATALOG_COMPILER_GLOBAL_ACCENT_COLOR_NAME = AccentColor;
				CODE_SIGN_STYLE = Automatic;
				CURRENT_PROJECT_VERSION = 1;
				DEVELOPMENT_TEAM = C7RX29D33F;
				ENABLE_PREVIEWS = YES;
				GENERATE_INFOPLIST_FILE = YES;
				INFOPLIST_FILE = VoiceJournal/Info.plist;
				INFOPLIST_KEY_NSMicrophoneUsageDescription = "VoiceJournal needs microphone access to record your voice entries.";
				INFOPLIST_KEY_NSSpeechRecognitionUsageDescription = "VoiceJournal uses speech recognition to transcribe your recordings to text.";
				INFOPLIST_KEY_UIApplicationSceneManifest_Generation = YES;
				INFOPLIST_KEY_UIApplicationSupportsIndirectInputEvents = YES;
				INFOPLIST_KEY_UILaunchScreen_Generation = YES;
				INFOPLIST_KEY_UISupportedInterfaceOrientations_iPad = "UIInterfaceOrientationPortrait UIInterfaceOrientationPortraitUpsideDown UIInterfaceOrientationLandscapeLeft UIInterfaceOrientationLandscapeRight";
				INFOPLIST_KEY_UISupportedInterfaceOrientations_iPhone = "UIInterfaceOrientationPortrait UIInterfaceOrientationLandscapeLeft UIInterfaceOrientationLandscapeRight";
				LD_RUNPATH_SEARCH_PATHS = (
					"$(inherited)",
					"@executable_path/Frameworks",
				);
				MARKETING_VERSION = 1.0;
				PRODUCT_BUNDLE_IDENTIFIER = rujin.VoiceJournal;
				PRODUCT_NAME = "$(TARGET_NAME)";
				SWIFT_EMIT_LOC_STRINGS = YES;
				SWIFT_VERSION = 5.0;
				TARGETED_DEVICE_FAMILY = "1,2";
			};
			name = Release;
		};
		4B0752962E8F9ED700C43CC2 /* Debug */ = {
			isa = XCBuildConfiguration;
			buildSettings = {
				BUNDLE_LOADER = "$(TEST_HOST)";
				CODE_SIGN_STYLE = Automatic;
				CURRENT_PROJECT_VERSION = 1;
				DEVELOPMENT_TEAM = C7RX29D33F;
				GENERATE_INFOPLIST_FILE = YES;
				IPHONEOS_DEPLOYMENT_TARGET = 18.5;
				MARKETING_VERSION = 1.0;
				PRODUCT_BUNDLE_IDENTIFIER = rujin.VoiceJournalTests;
				PRODUCT_NAME = "$(TARGET_NAME)";
				SWIFT_EMIT_LOC_STRINGS = NO;
				SWIFT_VERSION = 5.0;
				TARGETED_DEVICE_FAMILY = "1,2";
				TEST_HOST = "$(BUILT_PRODUCTS_DIR)/VoiceJournal.app/$(BUNDLE_EXECUTABLE_FOLDER_PATH)/VoiceJournal";
			};
			name = Debug;
		};
		4B0752972E8F9ED700C43CC2 /* Release */ = {
			isa = XCBuildConfiguration;
			buildSettings = {
				BUNDLE_LOADER = "$(TEST_HOST)";
				CODE_SIGN_STYLE = Automatic;
				CURRENT_PROJECT_VERSION = 1;
				DEVELOPMENT_TEAM = C7RX29D33F;
				GENERATE_INFOPLIST_FILE = YES;
				IPHONEOS_DEPLOYMENT_TARGET = 18.5;
				MARKETING_VERSION = 1.0;
				PRODUCT_BUNDLE_IDENTIFIER = rujin.VoiceJournalTests;
				PRODUCT_NAME = "$(TARGET_NAME)";
				SWIFT_EMIT_LOC_STRINGS = NO;
				SWIFT_VERSION = 5.0;
				TARGETED_DEVICE_FAMILY = "1,2";
				TEST_HOST = "$(BUILT_PRODUCTS_DIR)/VoiceJournal.app/$(BUNDLE_EXECUTABLE_FOLDER_PATH)/VoiceJournal";
			};
			name = Release;
		};
		4B0752992E8F9ED700C43CC2 /* Debug */ = {
			isa = XCBuildConfiguration;
			buildSettings = {
				CODE_SIGN_STYLE = Automatic;
				CURRENT_PROJECT_VERSION = 1;
				DEVELOPMENT_TEAM = C7RX29D33F;
				GENERATE_INFOPLIST_FILE = YES;
				MARKETING_VERSION = 1.0;
				PRODUCT_BUNDLE_IDENTIFIER = rujin.VoiceJournalUITests;
				PRODUCT_NAME = "$(TARGET_NAME)";
				SWIFT_EMIT_LOC_STRINGS = NO;
				SWIFT_VERSION = 5.0;
				TARGETED_DEVICE_FAMILY = "1,2";
				TEST_TARGET_NAME = VoiceJournal;
			};
			name = Debug;
		};
		4B07529A2E8F9ED700C43CC2 /* Release */ = {
			isa = XCBuildConfiguration;
			buildSettings = {
				CODE_SIGN_STYLE = Automatic;
				CURRENT_PROJECT_VERSION = 1;
				DEVELOPMENT_TEAM = C7RX29D33F;
				GENERATE_INFOPLIST_FILE = YES;
				MARKETING_VERSION = 1.0;
				PRODUCT_BUNDLE_IDENTIFIER = rujin.VoiceJournalUITests;
				PRODUCT_NAME = "$(TARGET_NAME)";
				SWIFT_EMIT_LOC_STRINGS = NO;
				SWIFT_VERSION = 5.0;
				TARGETED_DEVICE_FAMILY = "1,2";
				TEST_TARGET_NAME = VoiceJournal;
			};
			name = Release;
		};
/* End XCBuildConfiguration section */

/* Begin XCConfigurationList section */
		4B07526C2E8F9ED400C43CC2 /* Build configuration list for PBXProject "VoiceJournal" */ = {
			isa = XCConfigurationList;
			buildConfigurations = (
				4B0752902E8F9ED700C43CC2 /* Debug */,
				4B0752912E8F9ED700C43CC2 /* Release */,
			);
			defaultConfigurationIsVisible = 0;
			defaultConfigurationName = Release;
		};
		4B0752922E8F9ED700C43CC2 /* Build configuration list for PBXNativeTarget "VoiceJournal" */ = {
			isa = XCConfigurationList;
			buildConfigurations = (
				4B0752932E8F9ED700C43CC2 /* Debug */,
				4B0752942E8F9ED700C43CC2 /* Release */,
			);
			defaultConfigurationIsVisible = 0;
			defaultConfigurationName = Release;
		};
		4B0752952E8F9ED700C43CC2 /* Build configuration list for PBXNativeTarget "VoiceJournalTests" */ = {
			isa = XCConfigurationList;
			buildConfigurations = (
				4B0752962E8F9ED700C43CC2 /* Debug */,
				4B0752972E8F9ED700C43CC2 /* Release */,
			);
			defaultConfigurationIsVisible = 0;
			defaultConfigurationName = Release;
		};
		4B0752982E8F9ED700C43CC2 /* Build configuration list for PBXNativeTarget "VoiceJournalUITests" */ = {
			isa = XCConfigurationList;
			buildConfigurations = (
				4B0752992E8F9ED700C43CC2 /* Debug */,
				4B07529A2E8F9ED700C43CC2 /* Release */,
			);
			defaultConfigurationIsVisible = 0;
			defaultConfigurationName = Release;
		};
/* End XCConfigurationList section */
	};
	rootObject = 4B0752692E8F9ED400C43CC2 /* Project object */;
}
